// !$*UTF8*$!
{
	archiveVersion = 1;
	classes = {
	};
	objectVersion = 48;
	objects = {

/* Begin PBXBuildFile section */
		47CB5FF8B354CB64D5978258 /* Pods_MyMqttApp.framework in Frameworks */ = {isa = PBXBuildFile; fileRef = B9C192663AA104D4D52BF70D /* Pods_MyMqttApp.framework */; };
		849AD9E720E1271F003469F0 /* AppDelegate.swift in Sources */ = {isa = PBXBuildFile; fileRef = 849AD9E620E1271F003469F0 /* AppDelegate.swift */; };
		849AD9E920E1271F003469F0 /* ViewController.swift in Sources */ = {isa = PBXBuildFile; fileRef = 849AD9E820E1271F003469F0 /* ViewController.swift */; };
		849AD9EC20E1271F003469F0 /* Main.storyboard in Resources */ = {isa = PBXBuildFile; fileRef = 849AD9EA20E1271F003469F0 /* Main.storyboard */; };
		849AD9EE20E1271F003469F0 /* Assets.xcassets in Resources */ = {isa = PBXBuildFile; fileRef = 849AD9ED20E1271F003469F0 /* Assets.xcassets */; };
		849AD9F120E1271F003469F0 /* LaunchScreen.storyboard in Resources */ = {isa = PBXBuildFile; fileRef = 849AD9EF20E1271F003469F0 /* LaunchScreen.storyboard */; };
		849AD9F820E130C2003469F0 /* Moscapsule.framework in Frameworks */ = {isa = PBXBuildFile; fileRef = 849AD9F920E130C2003469F0 /* Moscapsule.framework */; };
		849AD9FA20E130C9003469F0 /* CocoaAsyncSocket.framework in Frameworks */ = {isa = PBXBuildFile; fileRef = 849AD9FB20E130C9003469F0 /* CocoaAsyncSocket.framework */; };
		849AD9FC20E130CF003469F0 /* CocoaMQTT.framework in Frameworks */ = {isa = PBXBuildFile; fileRef = 849AD9FD20E130CF003469F0 /* CocoaMQTT.framework */; };
/* End PBXBuildFile section */

/* Begin PBXFileReference section */
		2583CF50D1B44B2F2D72DB64 /* Pods-MyMqttApp.release.xcconfig */ = {isa = PBXFileReference; includeInIndex = 1; lastKnownFileType = text.xcconfig; name = "Pods-MyMqttApp.release.xcconfig"; path = "Pods/Target Support Files/Pods-MyMqttApp/Pods-MyMqttApp.release.xcconfig"; sourceTree = "<group>"; };
		849AD9E320E1271F003469F0 /* MyMqttApp.app */ = {isa = PBXFileReference; explicitFileType = wrapper.application; includeInIndex = 0; path = MyMqttApp.app; sourceTree = BUILT_PRODUCTS_DIR; };
		849AD9E620E1271F003469F0 /* AppDelegate.swift */ = {isa = PBXFileReference; lastKnownFileType = sourcecode.swift; path = AppDelegate.swift; sourceTree = "<group>"; };
		849AD9E820E1271F003469F0 /* ViewController.swift */ = {isa = PBXFileReference; lastKnownFileType = sourcecode.swift; path = ViewController.swift; sourceTree = "<group>"; };
		849AD9EB20E1271F003469F0 /* Base */ = {isa = PBXFileReference; lastKnownFileType = file.storyboard; name = Base; path = Base.lproj/Main.storyboard; sourceTree = "<group>"; };
		849AD9ED20E1271F003469F0 /* Assets.xcassets */ = {isa = PBXFileReference; lastKnownFileType = folder.assetcatalog; path = Assets.xcassets; sourceTree = "<group>"; };
		849AD9F020E1271F003469F0 /* Base */ = {isa = PBXFileReference; lastKnownFileType = file.storyboard; name = Base; path = Base.lproj/LaunchScreen.storyboard; sourceTree = "<group>"; };
		849AD9F220E1271F003469F0 /* Info.plist */ = {isa = PBXFileReference; lastKnownFileType = text.plist.xml; path = Info.plist; sourceTree = "<group>"; };
		849AD9F920E130C2003469F0 /* Moscapsule.framework */ = {isa = PBXFileReference; explicitFileType = wrapper.framework; path = Moscapsule.framework; sourceTree = BUILT_PRODUCTS_DIR; };
		849AD9FB20E130C9003469F0 /* CocoaAsyncSocket.framework */ = {isa = PBXFileReference; explicitFileType = wrapper.framework; path = CocoaAsyncSocket.framework; sourceTree = BUILT_PRODUCTS_DIR; };
		849AD9FD20E130CF003469F0 /* CocoaMQTT.framework */ = {isa = PBXFileReference; explicitFileType = wrapper.framework; path = CocoaMQTT.framework; sourceTree = BUILT_PRODUCTS_DIR; };
		9EE938B4D49D6DFF149AE025 /* Pods-MyMqttApp.debug.xcconfig */ = {isa = PBXFileReference; includeInIndex = 1; lastKnownFileType = text.xcconfig; name = "Pods-MyMqttApp.debug.xcconfig"; path = "Pods/Target Support Files/Pods-MyMqttApp/Pods-MyMqttApp.debug.xcconfig"; sourceTree = "<group>"; };
		B9C192663AA104D4D52BF70D /* Pods_MyMqttApp.framework */ = {isa = PBXFileReference; explicitFileType = wrapper.framework; includeInIndex = 0; path = Pods_MyMqttApp.framework; sourceTree = BUILT_PRODUCTS_DIR; };
/* End PBXFileReference section */

/* Begin PBXFrameworksBuildPhase section */
		849AD9E020E1271F003469F0 /* Frameworks */ = {
			isa = PBXFrameworksBuildPhase;
			buildActionMask = 2147483647;
			files = (
				849AD9FC20E130CF003469F0 /* CocoaMQTT.framework in Frameworks */,
				849AD9FA20E130C9003469F0 /* CocoaAsyncSocket.framework in Frameworks */,
				849AD9F820E130C2003469F0 /* Moscapsule.framework in Frameworks */,
				47CB5FF8B354CB64D5978258 /* Pods_MyMqttApp.framework in Frameworks */,
			);
			runOnlyForDeploymentPostprocessing = 0;
		};
/* End PBXFrameworksBuildPhase section */

/* Begin PBXGroup section */
		2D0578339D3838D04EEE625F /* Frameworks */ = {
			isa = PBXGroup;
			children = (
				849AD9FD20E130CF003469F0 /* CocoaMQTT.framework */,
				849AD9FB20E130C9003469F0 /* CocoaAsyncSocket.framework */,
				849AD9F920E130C2003469F0 /* Moscapsule.framework */,
				B9C192663AA104D4D52BF70D /* Pods_MyMqttApp.framework */,
			);
			name = Frameworks;
			sourceTree = "<group>";
		};
		849AD9DA20E1271F003469F0 = {
			isa = PBXGroup;
			children = (
				849AD9E520E1271F003469F0 /* MyMqttApp */,
				849AD9E420E1271F003469F0 /* Products */,
				EB7EFF71D533BC494EF93EBB /* Pods */,
				2D0578339D3838D04EEE625F /* Frameworks */,
			);
			sourceTree = "<group>";
		};
		849AD9E420E1271F003469F0 /* Products */ = {
			isa = PBXGroup;
			children = (
				849AD9E320E1271F003469F0 /* MyMqttApp.app */,
			);
			name = Products;
			sourceTree = "<group>";
		};
		849AD9E520E1271F003469F0 /* MyMqttApp */ = {
			isa = PBXGroup;
			children = (
				849AD9E620E1271F003469F0 /* AppDelegate.swift */,
				849AD9E820E1271F003469F0 /* ViewController.swift */,
				849AD9EA20E1271F003469F0 /* Main.storyboard */,
				849AD9ED20E1271F003469F0 /* Assets.xcassets */,
				849AD9EF20E1271F003469F0 /* LaunchScreen.storyboard */,
				849AD9F220E1271F003469F0 /* Info.plist */,
			);
			path = MyMqttApp;
			sourceTree = "<group>";
		};
		EB7EFF71D533BC494EF93EBB /* Pods */ = {
			isa = PBXGroup;
			children = (
				9EE938B4D49D6DFF149AE025 /* Pods-MyMqttApp.debug.xcconfig */,
				2583CF50D1B44B2F2D72DB64 /* Pods-MyMqttApp.release.xcconfig */,
			);
			name = Pods;
			sourceTree = "<group>";
		};
/* End PBXGroup section */

/* Begin PBXNativeTarget section */
		849AD9E220E1271F003469F0 /* MyMqttApp */ = {
			isa = PBXNativeTarget;
			buildConfigurationList = 849AD9F520E1271F003469F0 /* Build configuration list for PBXNativeTarget "MyMqttApp" */;
			buildPhases = (
				55FCF0600B44A3A12DCB807B /* [CP] Check Pods Manifest.lock */,
				849AD9DF20E1271F003469F0 /* Sources */,
				849AD9E020E1271F003469F0 /* Frameworks */,
				849AD9E120E1271F003469F0 /* Resources */,
				8DD7A885409186756B245BB3 /* [CP] Embed Pods Frameworks */,
			);
			buildRules = (
			);
			dependencies = (
			);
			name = MyMqttApp;
			productName = MyMqttApp;
			productReference = 849AD9E320E1271F003469F0 /* MyMqttApp.app */;
			productType = "com.apple.product-type.application";
		};
/* End PBXNativeTarget section */

/* Begin PBXProject section */
		849AD9DB20E1271F003469F0 /* Project object */ = {
			isa = PBXProject;
			attributes = {
				LastSwiftUpdateCheck = 0920;
				LastUpgradeCheck = 0920;
				ORGANIZATIONNAME = Admin;
				TargetAttributes = {
					849AD9E220E1271F003469F0 = {
						CreatedOnToolsVersion = 9.2;
						ProvisioningStyle = Automatic;
					};
				};
			};
			buildConfigurationList = 849AD9DE20E1271F003469F0 /* Build configuration list for PBXProject "MyMqttApp" */;
			compatibilityVersion = "Xcode 8.0";
			developmentRegion = en;
			hasScannedForEncodings = 0;
			knownRegions = (
				en,
				Base,
			);
			mainGroup = 849AD9DA20E1271F003469F0;
			productRefGroup = 849AD9E420E1271F003469F0 /* Products */;
			projectDirPath = "";
			projectRoot = "";
			targets = (
				849AD9E220E1271F003469F0 /* MyMqttApp */,
			);
		};
/* End PBXProject section */

/* Begin PBXResourcesBuildPhase section */
		849AD9E120E1271F003469F0 /* Resources */ = {
			isa = PBXResourcesBuildPhase;
			buildActionMask = 2147483647;
			files = (
				849AD9F120E1271F003469F0 /* LaunchScreen.storyboard in Resources */,
				849AD9EE20E1271F003469F0 /* Assets.xcassets in Resources */,
				849AD9EC20E1271F003469F0 /* Main.storyboard in Resources */,
			);
			runOnlyForDeploymentPostprocessing = 0;
		};
/* End PBXResourcesBuildPhase section */

/* Begin PBXShellScriptBuildPhase section */
		55FCF0600B44A3A12DCB807B /* [CP] Check Pods Manifest.lock */ = {
			isa = PBXShellScriptBuildPhase;
			buildActionMask = 2147483647;
			files = (
			);
			inputPaths = (
				"${PODS_PODFILE_DIR_PATH}/Podfile.lock",
				"${PODS_ROOT}/Manifest.lock",
			);
			name = "[CP] Check Pods Manifest.lock";
			outputPaths = (
				"$(DERIVED_FILE_DIR)/Pods-MyMqttApp-checkManifestLockResult.txt",
			);
			runOnlyForDeploymentPostprocessing = 0;
			shellPath = /bin/sh;
			shellScript = "diff \"${PODS_PODFILE_DIR_PATH}/Podfile.lock\" \"${PODS_ROOT}/Manifest.lock\" > /dev/null\nif [ $? != 0 ] ; then\n    # print error to STDERR\n    echo \"error: The sandbox is not in sync with the Podfile.lock. Run 'pod install' or update your CocoaPods installation.\" >&2\n    exit 1\nfi\n# This output is used by Xcode 'outputs' to avoid re-running this script phase.\necho \"SUCCESS\" > \"${SCRIPT_OUTPUT_FILE_0}\"\n";
			showEnvVarsInLog = 0;
		};
		8DD7A885409186756B245BB3 /* [CP] Embed Pods Frameworks */ = {
			isa = PBXShellScriptBuildPhase;
			buildActionMask = 2147483647;
			files = (
			);
			inputPaths = (
				"${SRCROOT}/Pods/Target Support Files/Pods-MyMqttApp/Pods-MyMqttApp-frameworks.sh",
				"${BUILT_PRODUCTS_DIR}/CocoaAsyncSocket/CocoaAsyncSocket.framework",
				"${BUILT_PRODUCTS_DIR}/CocoaMQTT/CocoaMQTT.framework",
				"${BUILT_PRODUCTS_DIR}/Moscapsule/Moscapsule.framework",
				"${BUILT_PRODUCTS_DIR}/SwiftyTimer/SwiftyTimer.framework",
			);
			name = "[CP] Embed Pods Frameworks";
			outputPaths = (
				"${TARGET_BUILD_DIR}/${FRAMEWORKS_FOLDER_PATH}/CocoaAsyncSocket.framework",
				"${TARGET_BUILD_DIR}/${FRAMEWORKS_FOLDER_PATH}/CocoaMQTT.framework",
				"${TARGET_BUILD_DIR}/${FRAMEWORKS_FOLDER_PATH}/Moscapsule.framework",
				"${TARGET_BUILD_DIR}/${FRAMEWORKS_FOLDER_PATH}/SwiftyTimer.framework",
			);
			runOnlyForDeploymentPostprocessing = 0;
			shellPath = /bin/sh;
			shellScript = "\"${SRCROOT}/Pods/Target Support Files/Pods-MyMqttApp/Pods-MyMqttApp-frameworks.sh\"\n";
			showEnvVarsInLog = 0;
		};
/* End PBXShellScriptBuildPhase section */

/* Begin PBXSourcesBuildPhase section */
		849AD9DF20E1271F003469F0 /* Sources */ = {
			isa = PBXSourcesBuildPhase;
			buildActionMask = 2147483647;
			files = (
				849AD9E920E1271F003469F0 /* ViewController.swift in Sources */,
				849AD9E720E1271F003469F0 /* AppDelegate.swift in Sources */,
			);
			runOnlyForDeploymentPostprocessing = 0;
		};
/* End PBXSourcesBuildPhase section */

/* Begin PBXVariantGroup section */
		849AD9EA20E1271F003469F0 /* Main.storyboard */ = {
			isa = PBXVariantGroup;
			children = (
				849AD9EB20E1271F003469F0 /* Base */,
			);
			name = Main.storyboard;
			sourceTree = "<group>";
		};
		849AD9EF20E1271F003469F0 /* LaunchScreen.storyboard */ = {
			isa = PBXVariantGroup;
			children = (
				849AD9F020E1271F003469F0 /* Base */,
			);
			name = LaunchScreen.storyboard;
			sourceTree = "<group>";
		};
/* End PBXVariantGroup section */

/* Begin XCBuildConfiguration section */
		849AD9F320E1271F003469F0 /* Debug */ = {
			isa = XCBuildConfiguration;
			buildSettings = {
				ALWAYS_SEARCH_USER_PATHS = NO;
				CLANG_ANALYZER_NONNULL = YES;
				CLANG_ANALYZER_NUMBER_OBJECT_CONVERSION = YES_AGGRESSIVE;
				CLANG_CXX_LANGUAGE_STANDARD = "gnu++14";
				CLANG_CXX_LIBRARY = "libc++";
				CLANG_ENABLE_MODULES = YES;
				CLANG_ENABLE_OBJC_ARC = YES;
				CLANG_WARN_BLOCK_CAPTURE_AUTORELEASING = YES;
				CLANG_WARN_BOOL_CONVERSION = YES;
				CLANG_WARN_COMMA = YES;
				CLANG_WARN_CONSTANT_CONVERSION = YES;
				CLANG_WARN_DIRECT_OBJC_ISA_USAGE = YES_ERROR;
				CLANG_WARN_DOCUMENTATION_COMMENTS = YES;
				CLANG_WARN_EMPTY_BODY = YES;
				CLANG_WARN_ENUM_CONVERSION = YES;
				CLANG_WARN_INFINITE_RECURSION = YES;
				CLANG_WARN_INT_CONVERSION = YES;
				CLANG_WARN_NON_LITERAL_NULL_CONVERSION = YES;
				CLANG_WARN_OBJC_LITERAL_CONVERSION = YES;
				CLANG_WARN_OBJC_ROOT_CLASS = YES_ERROR;
				CLANG_WARN_RANGE_LOOP_ANALYSIS = YES;
				CLANG_WARN_STRICT_PROTOTYPES = YES;
				CLANG_WARN_SUSPICIOUS_MOVE = YES;
				CLANG_WARN_UNGUARDED_AVAILABILITY = YES_AGGRESSIVE;
				CLANG_WARN_UNREACHABLE_CODE = YES;
				CLANG_WARN__DUPLICATE_METHOD_MATCH = YES;
				CODE_SIGN_IDENTITY = "iPhone Developer";
				COPY_PHASE_STRIP = NO;
				DEBUG_INFORMATION_FORMAT = dwarf;
				ENABLE_STRICT_OBJC_MSGSEND = YES;
				ENABLE_TESTABILITY = YES;
				GCC_C_LANGUAGE_STANDARD = gnu11;
				GCC_DYNAMIC_NO_PIC = NO;
				GCC_NO_COMMON_BLOCKS = YES;
				GCC_OPTIMIZATION_LEVEL = 0;
				GCC_PREPROCESSOR_DEFINITIONS = (
					"DEBUG=1",
					"$(inherited)",
				);
				GCC_WARN_64_TO_32_BIT_CONVERSION = YES;
				GCC_WARN_ABOUT_RETURN_TYPE = YES_ERROR;
				GCC_WARN_UNDECLARED_SELECTOR = YES;
				GCC_WARN_UNINITIALIZED_AUTOS = YES_AGGRESSIVE;
				GCC_WARN_UNUSED_FUNCTION = YES;
				GCC_WARN_UNUSED_VARIABLE = YES;
				IPHONEOS_DEPLOYMENT_TARGET = 11.2;
				MTL_ENABLE_DEBUG_INFO = YES;
				ONLY_ACTIVE_ARCH = YES;
				SDKROOT = iphoneos;
				SWIFT_ACTIVE_COMPILATION_CONDITIONS = DEBUG;
				SWIFT_OPTIMIZATION_LEVEL = "-Onone";
			};
			name = Debug;
		};
		849AD9F420E1271F003469F0 /* Release */ = {
			isa = XCBuildConfiguration;
			buildSettings = {
				ALWAYS_SEARCH_USER_PATHS = NO;
				CLANG_ANALYZER_NONNULL = YES;
				CLANG_ANALYZER_NUMBER_OBJECT_CONVERSION = YES_AGGRESSIVE;
				CLANG_CXX_LANGUAGE_STANDARD = "gnu++14";
				CLANG_CXX_LIBRARY = "libc++";
				CLANG_ENABLE_MODULES = YES;
				CLANG_ENABLE_OBJC_ARC = YES;
				CLANG_WARN_BLOCK_CAPTURE_AUTORELEASING = YES;
				CLANG_WARN_BOOL_CONVERSION = YES;
				CLANG_WARN_COMMA = YES;
				CLANG_WARN_CONSTANT_CONVERSION = YES;
				CLANG_WARN_DIRECT_OBJC_ISA_USAGE = YES_ERROR;
				CLANG_WARN_DOCUMENTATION_COMMENTS = YES;
				CLANG_WARN_EMPTY_BODY = YES;
				CLANG_WARN_ENUM_CONVERSION = YES;
				CLANG_WARN_INFINITE_RECURSION = YES;
				CLANG_WARN_INT_CONVERSION = YES;
				CLANG_WARN_NON_LITERAL_NULL_CONVERSION = YES;
				CLANG_WARN_OBJC_LITERAL_CONVERSION = YES;
				CLANG_WARN_OBJC_ROOT_CLASS = YES_ERROR;
				CLANG_WARN_RANGE_LOOP_ANALYSIS = YES;
				CLANG_WARN_STRICT_PROTOTYPES = YES;
				CLANG_WARN_SUSPICIOUS_MOVE = YES;
				CLANG_WARN_UNGUARDED_AVAILABILITY = YES_AGGRESSIVE;
				CLANG_WARN_UNREACHABLE_CODE = YES;
				CLANG_WARN__DUPLICATE_METHOD_MATCH = YES;
				CODE_SIGN_IDENTITY = "iPhone Developer";
				COPY_PHASE_STRIP = NO;
				DEBUG_INFORMATION_FORMAT = "dwarf-with-dsym";
				ENABLE_NS_ASSERTIONS = NO;
				ENABLE_STRICT_OBJC_MSGSEND = YES;
				GCC_C_LANGUAGE_STANDARD = gnu11;
				GCC_NO_COMMON_BLOCKS = YES;
				GCC_WARN_64_TO_32_BIT_CONVERSION = YES;
				GCC_WARN_ABOUT_RETURN_TYPE = YES_ERROR;
				GCC_WARN_UNDECLARED_SELECTOR = YES;
				GCC_WARN_UNINITIALIZED_AUTOS = YES_AGGRESSIVE;
				GCC_WARN_UNUSED_FUNCTION = YES;
				GCC_WARN_UNUSED_VARIABLE = YES;
				IPHONEOS_DEPLOYMENT_TARGET = 11.2;
				MTL_ENABLE_DEBUG_INFO = NO;
				SDKROOT = iphoneos;
				SWIFT_OPTIMIZATION_LEVEL = "-Owholemodule";
				VALIDATE_PRODUCT = YES;
			};
			name = Release;
		};
		849AD9F620E1271F003469F0 /* Debug */ = {
			isa = XCBuildConfiguration;
			baseConfigurationReference = 9EE938B4D49D6DFF149AE025 /* Pods-MyMqttApp.debug.xcconfig */;
			buildSettings = {
				ASSETCATALOG_COMPILER_APPICON_NAME = AppIcon;
				CODE_SIGN_STYLE = Automatic;
				INFOPLIST_FILE = MyMqttApp/Info.plist;
				LD_RUNPATH_SEARCH_PATHS = "$(inherited) @executable_path/Frameworks";
				PRODUCT_BUNDLE_IDENTIFIER = mycompany.MyMqttApp;
				PRODUCT_NAME = "$(TARGET_NAME)";
				SWIFT_VERSION = 4.0;
				TARGETED_DEVICE_FAMILY = "1,2";
			};
			name = Debug;
		};
		849AD9F720E1271F003469F0 /* Release */ = {
			isa = XCBuildConfiguration;
			baseConfigurationReference = 2583CF50D1B44B2F2D72DB64 /* Pods-MyMqttApp.release.xcconfig */;
			buildSettings = {
				ASSETCATALOG_COMPILER_APPICON_NAME = AppIcon;
				CODE_SIGN_STYLE = Automatic;
				INFOPLIST_FILE = MyMqttApp/Info.plist;
				LD_RUNPATH_SEARCH_PATHS = "$(inherited) @executable_path/Frameworks";
				PRODUCT_BUNDLE_IDENTIFIER = mycompany.MyMqttApp;
				PRODUCT_NAME = "$(TARGET_NAME)";
				SWIFT_VERSION = 4.0;
				TARGETED_DEVICE_FAMILY = "1,2";
			};
			name = Release;
		};
/* End XCBuildConfiguration section */

/* Begin XCConfigurationList section */
		849AD9DE20E1271F003469F0 /* Build configuration list for PBXProject "MyMqttApp" */ = {
			isa = XCConfigurationList;
			buildConfigurations = (
				849AD9F320E1271F003469F0 /* Debug */,
				849AD9F420E1271F003469F0 /* Release */,
			);
			defaultConfigurationIsVisible = 0;
			defaultConfigurationName = Release;
		};
		849AD9F520E1271F003469F0 /* Build configuration list for PBXNativeTarget "MyMqttApp" */ = {
			isa = XCConfigurationList;
			buildConfigurations = (
				849AD9F620E1271F003469F0 /* Debug */,
				849AD9F720E1271F003469F0 /* Release */,
			);
			defaultConfigurationIsVisible = 0;
			defaultConfigurationName = Release;
		};
/* End XCConfigurationList section */
	};
	rootObject = 849AD9DB20E1271F003469F0 /* Project object */;
}
